
Microsoft Visual Studio Solution File, Format Version 12.00
# Visual Studio Version 17
VisualStudioVersion = 17.3.32901.215
MinimumVisualStudioVersion = 10.0.40219.1
Project("{FAE04EC0-301F-11D3-BF4B-00C04F79EFBC}") = "C_Sharp_Where_Is_Wally", "C_Sharp_Where_Is_Wally.csproj", "{CA9EE70E-5781-4D1F-917B-005D070A40F5}"
EndProject
Global
	GlobalSection(SolutionConfigurationPlatforms) = preSolution
		Debug|Any CPU = Debug|Any CPU
		Release|Any CPU = Release|Any CPU
	EndGlobalSection
	GlobalSection(ProjectConfigurationPlatforms) = postSolution
		{CA9EE70E-5781-4D1F-917B-005D070A40F5}.Debug|Any CPU.ActiveCfg = Debug|Any CPU
		{CA9EE70E-5781-4D1F-917B-005D070A40F5}.Debug|Any CPU.Build.0 = Debug|Any CPU
		{CA9EE70E-5781-4D1F-917B-005D070A40F5}.Release|Any CPU.ActiveCfg = Release|Any CPU
		{CA9EE70E-5781-4D1F-917B-005D070A40F5}.Release|Any CPU.Build.0 = Release|Any CPU
	EndGlobalSection
	GlobalSection(SolutionProperties) = preSolution
		HideSolutionNode = FALSE
	EndGlobalSection
	GlobalSection(ExtensibilityGlobals) = postSolution
		SolutionGuid = {CEEBE794-AE31-4F83-B51E-1C0855ACEBF5}
	EndGlobalSection
EndGlobal
